
Microsoft Visual Studio Solution File, Format Version 12.00
# Visual Studio Version 16
VisualStudioVersion = 16.0.33927.289
MinimumVisualStudioVersion = 10.0.40219.1
Project("{FAE04EC0-301F-11D3-BF4B-00C04F79EFBC}") = "Tyuiu.RedikultsevaAA.Sprint2.TaskReview.V15", "Tyuiu.RedikultsevaAA.Sprint2.TaskReview.V15\Tyuiu.RedikultsevaAA.Sprint2.TaskReview.V15.csproj", "{4F9E5AF5-99FF-4DE3-A6B1-2867E94D281A}"
EndProject
Project("{FAE04EC0-301F-11D3-BF4B-00C04F79EFBC}") = "Tyuiu.RedikultsevaAA.Sprint2.TaskReview.V15.Lib", "Tyuiu.RedikultsevaAA.Sprint2.TaskReview.V15.Lib\Tyuiu.RedikultsevaAA.Sprint2.TaskReview.V15.Lib.csproj", "{B6D73248-B7E4-4A7D-922F-8278A6659173}"
EndProject
Project("{FAE04EC0-301F-11D3-BF4B-00C04F79EFBC}") = "Tyuiu.RedikultsevaAA.Sprint2.TaskReview.V15.Test", "Tyuiu.RedikultsevaAA.Sprint2.TaskReview.V15.Test\Tyuiu.RedikultsevaAA.Sprint2.TaskReview.V15.Test.csproj", "{909B553B-07F7-4D15-BBCC-7F0094CA05A4}"
EndProject
Global
	GlobalSection(SolutionConfigurationPlatforms) = preSolution
		Debug|Any CPU = Debug|Any CPU
		Release|Any CPU = Release|Any CPU
	EndGlobalSection
	GlobalSection(ProjectConfigurationPlatforms) = postSolution
		{4F9E5AF5-99FF-4DE3-A6B1-2867E94D281A}.Debug|Any CPU.ActiveCfg = Debug|Any CPU
		{4F9E5AF5-99FF-4DE3-A6B1-2867E94D281A}.Debug|Any CPU.Build.0 = Debug|Any CPU
		{4F9E5AF5-99FF-4DE3-A6B1-2867E94D281A}.Release|Any CPU.ActiveCfg = Release|Any CPU
		{4F9E5AF5-99FF-4DE3-A6B1-2867E94D281A}.Release|Any CPU.Build.0 = Release|Any CPU
		{B6D73248-B7E4-4A7D-922F-8278A6659173}.Debug|Any CPU.ActiveCfg = Debug|Any CPU
		{B6D73248-B7E4-4A7D-922F-8278A6659173}.Debug|Any CPU.Build.0 = Debug|Any CPU
		{B6D73248-B7E4-4A7D-922F-8278A6659173}.Release|Any CPU.ActiveCfg = Release|Any CPU
		{B6D73248-B7E4-4A7D-922F-8278A6659173}.Release|Any CPU.Build.0 = Release|Any CPU
		{909B553B-07F7-4D15-BBCC-7F0094CA05A4}.Debug|Any CPU.ActiveCfg = Debug|Any CPU
		{909B553B-07F7-4D15-BBCC-7F0094CA05A4}.Debug|Any CPU.Build.0 = Debug|Any CPU
		{909B553B-07F7-4D15-BBCC-7F0094CA05A4}.Release|Any CPU.ActiveCfg = Release|Any CPU
		{909B553B-07F7-4D15-BBCC-7F0094CA05A4}.Release|Any CPU.Build.0 = Release|Any CPU
	EndGlobalSection
	GlobalSection(SolutionProperties) = preSolution
		HideSolutionNode = FALSE
	EndGlobalSection
	GlobalSection(ExtensibilityGlobals) = postSolution
		SolutionGuid = {DDCAA23C-7FA4-4296-95E6-01879BAAC71C}
	EndGlobalSection
EndGlobal
